
Microsoft Visual Studio Solution File, Format Version 12.00
# Visual Studio Version 16
VisualStudioVersion = 16.0.31515.178
MinimumVisualStudioVersion = 10.0.40219.1
Project("{FAE04EC0-301F-11D3-BF4B-00C04F79EFBC}") = "SystemJhonVaper", "SystemJhonVaper\SystemJhonVaper.csproj", "{30328CC0-AF9A-4A22-9501-5D46A5ADBF56}"
EndProject
Project("{FAE04EC0-301F-11D3-BF4B-00C04F79EFBC}") = "CapaDatos", "CapaDatos\CapaDatos.csproj", "{28B585AA-54A7-4477-9B4F-544F9BD914A3}"
EndProject
Project("{FAE04EC0-301F-11D3-BF4B-00C04F79EFBC}") = "CapaNegocios", "CapaNegocios\CapaNegocios.csproj", "{922E6D09-D598-48C3-BCDC-B2B949D4ADA1}"
EndProject
Project("{FAE04EC0-301F-11D3-BF4B-00C04F79EFBC}") = "CapaPresentacion", "CapaPresentacion\CapaPresentacion.csproj", "{D49E7D1F-2E50-458D-AE49-5F29F1EE5F4C}"
EndProject
Global
	GlobalSection(SolutionConfigurationPlatforms) = preSolution
		Debug|Any CPU = Debug|Any CPU
		Release|Any CPU = Release|Any CPU
	EndGlobalSection
	GlobalSection(ProjectConfigurationPlatforms) = postSolution
		{30328CC0-AF9A-4A22-9501-5D46A5ADBF56}.Debug|Any CPU.ActiveCfg = Debug|Any CPU
		{30328CC0-AF9A-4A22-9501-5D46A5ADBF56}.Debug|Any CPU.Build.0 = Debug|Any CPU
		{30328CC0-AF9A-4A22-9501-5D46A5ADBF56}.Release|Any CPU.ActiveCfg = Release|Any CPU
		{30328CC0-AF9A-4A22-9501-5D46A5ADBF56}.Release|Any CPU.Build.0 = Release|Any CPU
		{28B585AA-54A7-4477-9B4F-544F9BD914A3}.Debug|Any CPU.ActiveCfg = Debug|Any CPU
		{28B585AA-54A7-4477-9B4F-544F9BD914A3}.Debug|Any CPU.Build.0 = Debug|Any CPU
		{28B585AA-54A7-4477-9B4F-544F9BD914A3}.Release|Any CPU.ActiveCfg = Release|Any CPU
		{28B585AA-54A7-4477-9B4F-544F9BD914A3}.Release|Any CPU.Build.0 = Release|Any CPU
		{922E6D09-D598-48C3-BCDC-B2B949D4ADA1}.Debug|Any CPU.ActiveCfg = Debug|Any CPU
		{922E6D09-D598-48C3-BCDC-B2B949D4ADA1}.Debug|Any CPU.Build.0 = Debug|Any CPU
		{922E6D09-D598-48C3-BCDC-B2B949D4ADA1}.Release|Any CPU.ActiveCfg = Release|Any CPU
		{922E6D09-D598-48C3-BCDC-B2B949D4ADA1}.Release|Any CPU.Build.0 = Release|Any CPU
		{D49E7D1F-2E50-458D-AE49-5F29F1EE5F4C}.Debug|Any CPU.ActiveCfg = Debug|Any CPU
		{D49E7D1F-2E50-458D-AE49-5F29F1EE5F4C}.Debug|Any CPU.Build.0 = Debug|Any CPU
		{D49E7D1F-2E50-458D-AE49-5F29F1EE5F4C}.Release|Any CPU.ActiveCfg = Release|Any CPU
		{D49E7D1F-2E50-458D-AE49-5F29F1EE5F4C}.Release|Any CPU.Build.0 = Release|Any CPU
	EndGlobalSection
	GlobalSection(SolutionProperties) = preSolution
		HideSolutionNode = FALSE
	EndGlobalSection
	GlobalSection(ExtensibilityGlobals) = postSolution
		SolutionGuid = {23F81EF5-8093-4616-B609-B3622EAED08A}
	EndGlobalSection
EndGlobal
